{
  "requires": true,
  "lockfileVersion": 1,
  "dependencies": {
    "bindings": {
      "version": "1.2.1",
      "resolved": "https://registry.npmjs.org/bindings/-/bindings-1.2.1.tgz",
      "integrity": "sha1-FK1hE4EtLTfXLme0ystLtyZQXxE="
    },
    "fast-crc32c": {
      "version": "1.0.4",
      "resolved": "https://registry.npmjs.org/fast-crc32c/-/fast-crc32c-1.0.4.tgz",
      "integrity": "sha1-qLVm6aouI7a0EWzz2NB/X1ItVOM=",
      "requires": {
        "sse4_crc32": "^5.0.0"
      }
    },
    "nan": {
      "version": "2.11.0",
      "resolved": "https://registry.npmjs.org/nan/-/nan-2.11.0.tgz",
      "integrity": "sha512-F4miItu2rGnV2ySkXOQoA8FKz/SR2Q2sWP0sbTxNxz/tuokeC8WxOhPMcwi0qIyGtVn/rrSeLbvVkznqCdwYnw=="
    },
    "ndjsonpoint": {
      "version": "1.0.2",
      "resolved": "https://registry.npmjs.org/ndjsonpoint/-/ndjsonpoint-1.0.2.tgz",
      "integrity": "sha1-ZlYiYJysF+RMzoetoEQE1grtogU="
    },
    "sse4_crc32": {
      "version": "5.3.0",
      "resolved": "https://registry.npmjs.org/sse4_crc32/-/sse4_crc32-5.3.0.tgz",
      "integrity": "sha512-AgnPwYR3ABQHRz1VKir0Ftcvz831tEd7ggwXkuTh1ULcDS6GMAioICCCnMj6YBmVnYbaeuePInqM7jrGuTencA==",
      "requires": {
        "bindings": "~1.2.1",
        "nan": "2.11.0"
      }
    }
  }
}
